
Microsoft Visual Studio Solution File, Format Version 12.00
# Visual Studio Version 16
VisualStudioVersion = 16.0.30204.135
MinimumVisualStudioVersion = 10.0.40219.1
Project("{FAE04EC0-301F-11D3-BF4B-00C04F79EFBC}") = "graficar", "graficar\graficar.csproj", "{7BED3A9F-FBA2-4EC6-9D59-8B5E23EDC791}"
EndProject
Global
	GlobalSection(SolutionConfigurationPlatforms) = preSolution
		Debug|Any CPU = Debug|Any CPU
		Release|Any CPU = Release|Any CPU
	EndGlobalSection
	GlobalSection(ProjectConfigurationPlatforms) = postSolution
		{7BED3A9F-FBA2-4EC6-9D59-8B5E23EDC791}.Debug|Any CPU.ActiveCfg = Debug|Any CPU
		{7BED3A9F-FBA2-4EC6-9D59-8B5E23EDC791}.Debug|Any CPU.Build.0 = Debug|Any CPU
		{7BED3A9F-FBA2-4EC6-9D59-8B5E23EDC791}.Release|Any CPU.ActiveCfg = Release|Any CPU
		{7BED3A9F-FBA2-4EC6-9D59-8B5E23EDC791}.Release|Any CPU.Build.0 = Release|Any CPU
	EndGlobalSection
	GlobalSection(SolutionProperties) = preSolution
		HideSolutionNode = FALSE
	EndGlobalSection
	GlobalSection(ExtensibilityGlobals) = postSolution
		SolutionGuid = {FA06A675-3F6E-474D-B315-F53EFF9660AF}
	EndGlobalSection
EndGlobal
